
Microsoft Visual Studio Solution File, Format Version 12.00
# Visual Studio Version 16
VisualStudioVersion = 16.0.31424.327
MinimumVisualStudioVersion = 10.0.40219.1
Project("{FAE04EC0-301F-11D3-BF4B-00C04F79EFBC}") = "BTAppXMLToFF", "BTAppXMLToFF\BTAppXMLToFF.btproj", "{ACA2B8C1-8DE3-41CF-980E-561A38CF2918}"
EndProject
Global
	GlobalSection(SolutionConfigurationPlatforms) = preSolution
		Debug|Any CPU = Debug|Any CPU
		Release|Any CPU = Release|Any CPU
	EndGlobalSection
	GlobalSection(ProjectConfigurationPlatforms) = postSolution
		{ACA2B8C1-8DE3-41CF-980E-561A38CF2918}.Debug|Any CPU.ActiveCfg = Debug|Any CPU
		{ACA2B8C1-8DE3-41CF-980E-561A38CF2918}.Debug|Any CPU.Build.0 = Debug|Any CPU
		{ACA2B8C1-8DE3-41CF-980E-561A38CF2918}.Debug|Any CPU.Deploy.0 = Debug|Any CPU
		{ACA2B8C1-8DE3-41CF-980E-561A38CF2918}.Release|Any CPU.ActiveCfg = Release|Any CPU
		{ACA2B8C1-8DE3-41CF-980E-561A38CF2918}.Release|Any CPU.Build.0 = Release|Any CPU
		{ACA2B8C1-8DE3-41CF-980E-561A38CF2918}.Release|Any CPU.Deploy.0 = Release|Any CPU
	EndGlobalSection
	GlobalSection(SolutionProperties) = preSolution
		HideSolutionNode = FALSE
	EndGlobalSection
	GlobalSection(ExtensibilityGlobals) = postSolution
		SolutionGuid = {CAB0521E-F17B-47D4-83A7-ACEA04734620}
	EndGlobalSection
EndGlobal
